
Microsoft Visual Studio Solution File, Format Version 12.00
# Visual Studio 15
Project("{FAE04EC0-301F-11D3-BF4B-00C04F79EFBC}") = "SeebRancherBaseAssembly", "SeebRancherBaseAssembly.csproj", "{7239741A-F6EF-1B9D-03EF-22726D8C1824}"
EndProject
Project("{FAE04EC0-301F-11D3-BF4B-00C04F79EFBC}") = "Boxophobic.PolyverseSkies.Runtime", "Boxophobic.PolyverseSkies.Runtime.csproj", "{E4911C40-4FB2-D2BC-584E-2A7CC5EFBFEB}"
EndProject
Project("{FAE04EC0-301F-11D3-BF4B-00C04F79EFBC}") = "com.dman.LSystem", "com.dman.LSystem.csproj", "{DD72B859-1013-9260-F42D-99C160940558}"
EndProject
Project("{FAE04EC0-301F-11D3-BF4B-00C04F79EFBC}") = "Genetics", "Genetics.csproj", "{E8A52BDE-01ED-1E7E-E731-D4BCE65B3D4D}"
EndProject
Project("{FAE04EC0-301F-11D3-BF4B-00C04F79EFBC}") = "ReactiveVariables", "ReactiveVariables.csproj", "{5492EAB1-5AB5-B4B4-86EA-71F2D14EB72F}"
EndProject
Project("{FAE04EC0-301F-11D3-BF4B-00C04F79EFBC}") = "Narrative", "Narrative.csproj", "{CA7ECD84-8421-B30A-44D1-31604C0CAC96}"
EndProject
Project("{FAE04EC0-301F-11D3-BF4B-00C04F79EFBC}") = "Boxophobic.Utils.Scripts", "Boxophobic.Utils.Scripts.csproj", "{5FADB50E-40B4-6EE9-457D-6DB8B04208F3}"
EndProject
Project("{FAE04EC0-301F-11D3-BF4B-00C04F79EFBC}") = "Tiling", "Tiling.csproj", "{F7D1C449-51A9-B05A-E424-F38544E9D95A}"
EndProject
Project("{FAE04EC0-301F-11D3-BF4B-00C04F79EFBC}") = "Assembly-CSharp", "Assembly-CSharp.csproj", "{37559713-CA7C-C360-8061-F926A34967A2}"
EndProject
Project("{FAE04EC0-301F-11D3-BF4B-00C04F79EFBC}") = "Boxophobic.PolyverseSkies.Scripts", "Boxophobic.PolyverseSkies.Scripts.csproj", "{5E7C3AD1-3AE2-6B3F-824F-18E8CD5517B3}"
EndProject
Project("{FAE04EC0-301F-11D3-BF4B-00C04F79EFBC}") = "Boxophobic.Utils.Editor", "Boxophobic.Utils.Editor.csproj", "{570204B3-3619-D382-3F19-F9733D7F0718}"
EndProject
Project("{FAE04EC0-301F-11D3-BF4B-00C04F79EFBC}") = "Assembly-CSharp-Editor", "Assembly-CSharp-Editor.csproj", "{38CF1524-4D58-BC9D-2A1A-1011480D6192}"
EndProject
Project("{FAE04EC0-301F-11D3-BF4B-00C04F79EFBC}") = "com.dman.l-system.editor", "com.dman.l-system.editor.csproj", "{64660CD5-FA0A-67A9-375B-9B84960E0AC8}"
EndProject
Project("{FAE04EC0-301F-11D3-BF4B-00C04F79EFBC}") = "Boxophobic.PolyverseSkies.Editor", "Boxophobic.PolyverseSkies.Editor.csproj", "{D10ABD44-E58F-D54A-49EC-336B68228428}"
EndProject
Project("{FAE04EC0-301F-11D3-BF4B-00C04F79EFBC}") = "ReactiveVariablesEditor", "ReactiveVariablesEditor.csproj", "{D3C344F2-4CAB-9A39-7532-349426063E50}"
EndProject
Project("{FAE04EC0-301F-11D3-BF4B-00C04F79EFBC}") = "DefaultEditorScripts", "DefaultEditorScripts.csproj", "{F4433834-85A1-FB7C-72C6-FBB4329017A7}"
EndProject
Project("{FAE04EC0-301F-11D3-BF4B-00C04F79EFBC}") = "EditModeTests", "EditModeTests.csproj", "{1F1E13BF-34F7-E506-90A9-2A380E57088F}"
EndProject
Project("{FAE04EC0-301F-11D3-BF4B-00C04F79EFBC}") = "TilingEditor", "TilingEditor.csproj", "{54CA7512-07AE-506F-0123-7EFBE4B7FCA6}"
EndProject
Global
	GlobalSection(SolutionConfigurationPlatforms) = preSolution
		Debug|Any CPU = Debug|Any CPU
		Release|Any CPU = Release|Any CPU
	EndGlobalSection
	GlobalSection(ProjectConfigurationPlatforms) = postSolution
		{7239741A-F6EF-1B9D-03EF-22726D8C1824}.Debug|Any CPU.ActiveCfg = Debug|Any CPU
		{7239741A-F6EF-1B9D-03EF-22726D8C1824}.Debug|Any CPU.Build.0 = Debug|Any CPU
		{7239741A-F6EF-1B9D-03EF-22726D8C1824}.Release|Any CPU.ActiveCfg = Release|Any CPU
		{7239741A-F6EF-1B9D-03EF-22726D8C1824}.Release|Any CPU.Build.0 = Release|Any CPU
		{E4911C40-4FB2-D2BC-584E-2A7CC5EFBFEB}.Debug|Any CPU.ActiveCfg = Debug|Any CPU
		{E4911C40-4FB2-D2BC-584E-2A7CC5EFBFEB}.Debug|Any CPU.Build.0 = Debug|Any CPU
		{E4911C40-4FB2-D2BC-584E-2A7CC5EFBFEB}.Release|Any CPU.ActiveCfg = Release|Any CPU
		{E4911C40-4FB2-D2BC-584E-2A7CC5EFBFEB}.Release|Any CPU.Build.0 = Release|Any CPU
		{DD72B859-1013-9260-F42D-99C160940558}.Debug|Any CPU.ActiveCfg = Debug|Any CPU
		{DD72B859-1013-9260-F42D-99C160940558}.Debug|Any CPU.Build.0 = Debug|Any CPU
		{DD72B859-1013-9260-F42D-99C160940558}.Release|Any CPU.ActiveCfg = Release|Any CPU
		{DD72B859-1013-9260-F42D-99C160940558}.Release|Any CPU.Build.0 = Release|Any CPU
		{E8A52BDE-01ED-1E7E-E731-D4BCE65B3D4D}.Debug|Any CPU.ActiveCfg = Debug|Any CPU
		{E8A52BDE-01ED-1E7E-E731-D4BCE65B3D4D}.Debug|Any CPU.Build.0 = Debug|Any CPU
		{E8A52BDE-01ED-1E7E-E731-D4BCE65B3D4D}.Release|Any CPU.ActiveCfg = Release|Any CPU
		{E8A52BDE-01ED-1E7E-E731-D4BCE65B3D4D}.Release|Any CPU.Build.0 = Release|Any CPU
		{5492EAB1-5AB5-B4B4-86EA-71F2D14EB72F}.Debug|Any CPU.ActiveCfg = Debug|Any CPU
		{5492EAB1-5AB5-B4B4-86EA-71F2D14EB72F}.Debug|Any CPU.Build.0 = Debug|Any CPU
		{5492EAB1-5AB5-B4B4-86EA-71F2D14EB72F}.Release|Any CPU.ActiveCfg = Release|Any CPU
		{5492EAB1-5AB5-B4B4-86EA-71F2D14EB72F}.Release|Any CPU.Build.0 = Release|Any CPU
		{CA7ECD84-8421-B30A-44D1-31604C0CAC96}.Debug|Any CPU.ActiveCfg = Debug|Any CPU
		{CA7ECD84-8421-B30A-44D1-31604C0CAC96}.Debug|Any CPU.Build.0 = Debug|Any CPU
		{CA7ECD84-8421-B30A-44D1-31604C0CAC96}.Release|Any CPU.ActiveCfg = Release|Any CPU
		{CA7ECD84-8421-B30A-44D1-31604C0CAC96}.Release|Any CPU.Build.0 = Release|Any CPU
		{5FADB50E-40B4-6EE9-457D-6DB8B04208F3}.Debug|Any CPU.ActiveCfg = Debug|Any CPU
		{5FADB50E-40B4-6EE9-457D-6DB8B04208F3}.Debug|Any CPU.Build.0 = Debug|Any CPU
		{5FADB50E-40B4-6EE9-457D-6DB8B04208F3}.Release|Any CPU.ActiveCfg = Release|Any CPU
		{5FADB50E-40B4-6EE9-457D-6DB8B04208F3}.Release|Any CPU.Build.0 = Release|Any CPU
		{F7D1C449-51A9-B05A-E424-F38544E9D95A}.Debug|Any CPU.ActiveCfg = Debug|Any CPU
		{F7D1C449-51A9-B05A-E424-F38544E9D95A}.Debug|Any CPU.Build.0 = Debug|Any CPU
		{F7D1C449-51A9-B05A-E424-F38544E9D95A}.Release|Any CPU.ActiveCfg = Release|Any CPU
		{F7D1C449-51A9-B05A-E424-F38544E9D95A}.Release|Any CPU.Build.0 = Release|Any CPU
		{37559713-CA7C-C360-8061-F926A34967A2}.Debug|Any CPU.ActiveCfg = Debug|Any CPU
		{37559713-CA7C-C360-8061-F926A34967A2}.Debug|Any CPU.Build.0 = Debug|Any CPU
		{37559713-CA7C-C360-8061-F926A34967A2}.Release|Any CPU.ActiveCfg = Release|Any CPU
		{37559713-CA7C-C360-8061-F926A34967A2}.Release|Any CPU.Build.0 = Release|Any CPU
		{5E7C3AD1-3AE2-6B3F-824F-18E8CD5517B3}.Debug|Any CPU.ActiveCfg = Debug|Any CPU
		{5E7C3AD1-3AE2-6B3F-824F-18E8CD5517B3}.Debug|Any CPU.Build.0 = Debug|Any CPU
		{5E7C3AD1-3AE2-6B3F-824F-18E8CD5517B3}.Release|Any CPU.ActiveCfg = Release|Any CPU
		{5E7C3AD1-3AE2-6B3F-824F-18E8CD5517B3}.Release|Any CPU.Build.0 = Release|Any CPU
		{570204B3-3619-D382-3F19-F9733D7F0718}.Debug|Any CPU.ActiveCfg = Debug|Any CPU
		{570204B3-3619-D382-3F19-F9733D7F0718}.Debug|Any CPU.Build.0 = Debug|Any CPU
		{570204B3-3619-D382-3F19-F9733D7F0718}.Release|Any CPU.ActiveCfg = Release|Any CPU
		{570204B3-3619-D382-3F19-F9733D7F0718}.Release|Any CPU.Build.0 = Release|Any CPU
		{38CF1524-4D58-BC9D-2A1A-1011480D6192}.Debug|Any CPU.ActiveCfg = Debug|Any CPU
		{38CF1524-4D58-BC9D-2A1A-1011480D6192}.Debug|Any CPU.Build.0 = Debug|Any CPU
		{38CF1524-4D58-BC9D-2A1A-1011480D6192}.Release|Any CPU.ActiveCfg = Release|Any CPU
		{38CF1524-4D58-BC9D-2A1A-1011480D6192}.Release|Any CPU.Build.0 = Release|Any CPU
		{64660CD5-FA0A-67A9-375B-9B84960E0AC8}.Debug|Any CPU.ActiveCfg = Debug|Any CPU
		{64660CD5-FA0A-67A9-375B-9B84960E0AC8}.Debug|Any CPU.Build.0 = Debug|Any CPU
		{64660CD5-FA0A-67A9-375B-9B84960E0AC8}.Release|Any CPU.ActiveCfg = Release|Any CPU
		{64660CD5-FA0A-67A9-375B-9B84960E0AC8}.Release|Any CPU.Build.0 = Release|Any CPU
		{D10ABD44-E58F-D54A-49EC-336B68228428}.Debug|Any CPU.ActiveCfg = Debug|Any CPU
		{D10ABD44-E58F-D54A-49EC-336B68228428}.Debug|Any CPU.Build.0 = Debug|Any CPU
		{D10ABD44-E58F-D54A-49EC-336B68228428}.Release|Any CPU.ActiveCfg = Release|Any CPU
		{D10ABD44-E58F-D54A-49EC-336B68228428}.Release|Any CPU.Build.0 = Release|Any CPU
		{D3C344F2-4CAB-9A39-7532-349426063E50}.Debug|Any CPU.ActiveCfg = Debug|Any CPU
		{D3C344F2-4CAB-9A39-7532-349426063E50}.Debug|Any CPU.Build.0 = Debug|Any CPU
		{D3C344F2-4CAB-9A39-7532-349426063E50}.Release|Any CPU.ActiveCfg = Release|Any CPU
		{D3C344F2-4CAB-9A39-7532-349426063E50}.Release|Any CPU.Build.0 = Release|Any CPU
		{F4433834-85A1-FB7C-72C6-FBB4329017A7}.Debug|Any CPU.ActiveCfg = Debug|Any CPU
		{F4433834-85A1-FB7C-72C6-FBB4329017A7}.Debug|Any CPU.Build.0 = Debug|Any CPU
		{F4433834-85A1-FB7C-72C6-FBB4329017A7}.Release|Any CPU.ActiveCfg = Release|Any CPU
		{F4433834-85A1-FB7C-72C6-FBB4329017A7}.Release|Any CPU.Build.0 = Release|Any CPU
		{1F1E13BF-34F7-E506-90A9-2A380E57088F}.Debug|Any CPU.ActiveCfg = Debug|Any CPU
		{1F1E13BF-34F7-E506-90A9-2A380E57088F}.Debug|Any CPU.Build.0 = Debug|Any CPU
		{1F1E13BF-34F7-E506-90A9-2A380E57088F}.Release|Any CPU.ActiveCfg = Release|Any CPU
		{1F1E13BF-34F7-E506-90A9-2A380E57088F}.Release|Any CPU.Build.0 = Release|Any CPU
		{54CA7512-07AE-506F-0123-7EFBE4B7FCA6}.Debug|Any CPU.ActiveCfg = Debug|Any CPU
		{54CA7512-07AE-506F-0123-7EFBE4B7FCA6}.Debug|Any CPU.Build.0 = Debug|Any CPU
		{54CA7512-07AE-506F-0123-7EFBE4B7FCA6}.Release|Any CPU.ActiveCfg = Release|Any CPU
		{54CA7512-07AE-506F-0123-7EFBE4B7FCA6}.Release|Any CPU.Build.0 = Release|Any CPU
	EndGlobalSection
	GlobalSection(SolutionProperties) = preSolution
		HideSolutionNode = FALSE
	EndGlobalSection
EndGlobal
